
Microsoft Visual Studio Solution File, Format Version 12.00
# Visual Studio 15
VisualStudioVersion = 15.0.27428.2037
MinimumVisualStudioVersion = 10.0.40219.1
Project("{FAE04EC0-301F-11D3-BF4B-00C04F79EFBC}") = "DotNetRabbitMQExample", "DotNetRabbitMQExample\DotNetRabbitMQExample.csproj", "{61CEBEDB-501E-4E15-A2CF-3FBE42037EE4}"
EndProject
Global
	GlobalSection(SolutionConfigurationPlatforms) = preSolution
		Debug|Any CPU = Debug|Any CPU
		Release|Any CPU = Release|Any CPU
	EndGlobalSection
	GlobalSection(ProjectConfigurationPlatforms) = postSolution
		{61CEBEDB-501E-4E15-A2CF-3FBE42037EE4}.Debug|Any CPU.ActiveCfg = Debug|Any CPU
		{61CEBEDB-501E-4E15-A2CF-3FBE42037EE4}.Debug|Any CPU.Build.0 = Debug|Any CPU
		{61CEBEDB-501E-4E15-A2CF-3FBE42037EE4}.Release|Any CPU.ActiveCfg = Release|Any CPU
		{61CEBEDB-501E-4E15-A2CF-3FBE42037EE4}.Release|Any CPU.Build.0 = Release|Any CPU
	EndGlobalSection
	GlobalSection(SolutionProperties) = preSolution
		HideSolutionNode = FALSE
	EndGlobalSection
	GlobalSection(ExtensibilityGlobals) = postSolution
		SolutionGuid = {6D942192-3A2E-48F7-AA35-45466B7F77DD}
	EndGlobalSection
EndGlobal
